
Microsoft Visual Studio Solution File, Format Version 12.00
# Visual Studio Version 17
VisualStudioVersion = 17.6.33723.286
MinimumVisualStudioVersion = 10.0.40219.1
Project("{9A19103F-16F7-4668-BE54-9A1E7A4F7556}") = "MenuRater", "MenuRater\MenuRater.csproj", "{26B0DBC4-BE5E-42E3-8876-F5DF3EF3F04A}"
EndProject
Project("{9A19103F-16F7-4668-BE54-9A1E7A4F7556}") = "Messaging.Models", "Messaging.Models\Messaging.Models.csproj", "{535BD5A2-4700-42D6-811A-3B2839B4AA24}"
EndProject
Project("{FAE04EC0-301F-11D3-BF4B-00C04F79EFBC}") = "MenuService", "MenuService\MenuService.csproj", "{443F78C9-393F-499E-A8EC-F3AE37B7D0E1}"
EndProject
Project("{FAE04EC0-301F-11D3-BF4B-00C04F79EFBC}") = "MenuRater.Tests", "MenuRater.Tests\MenuRater.Tests.csproj", "{5F371CDF-ABE8-4152-93B1-0161DB179166}"
EndProject
Global
	GlobalSection(SolutionConfigurationPlatforms) = preSolution
		Debug|Any CPU = Debug|Any CPU
		Release|Any CPU = Release|Any CPU
	EndGlobalSection
	GlobalSection(ProjectConfigurationPlatforms) = postSolution
		{26B0DBC4-BE5E-42E3-8876-F5DF3EF3F04A}.Debug|Any CPU.ActiveCfg = Debug|Any CPU
		{26B0DBC4-BE5E-42E3-8876-F5DF3EF3F04A}.Debug|Any CPU.Build.0 = Debug|Any CPU
		{26B0DBC4-BE5E-42E3-8876-F5DF3EF3F04A}.Release|Any CPU.ActiveCfg = Release|Any CPU
		{26B0DBC4-BE5E-42E3-8876-F5DF3EF3F04A}.Release|Any CPU.Build.0 = Release|Any CPU
		{535BD5A2-4700-42D6-811A-3B2839B4AA24}.Debug|Any CPU.ActiveCfg = Debug|Any CPU
		{535BD5A2-4700-42D6-811A-3B2839B4AA24}.Debug|Any CPU.Build.0 = Debug|Any CPU
		{535BD5A2-4700-42D6-811A-3B2839B4AA24}.Release|Any CPU.ActiveCfg = Release|Any CPU
		{535BD5A2-4700-42D6-811A-3B2839B4AA24}.Release|Any CPU.Build.0 = Release|Any CPU
		{443F78C9-393F-499E-A8EC-F3AE37B7D0E1}.Debug|Any CPU.ActiveCfg = Debug|Any CPU
		{443F78C9-393F-499E-A8EC-F3AE37B7D0E1}.Debug|Any CPU.Build.0 = Debug|Any CPU
		{443F78C9-393F-499E-A8EC-F3AE37B7D0E1}.Release|Any CPU.ActiveCfg = Release|Any CPU
		{443F78C9-393F-499E-A8EC-F3AE37B7D0E1}.Release|Any CPU.Build.0 = Release|Any CPU
		{5F371CDF-ABE8-4152-93B1-0161DB179166}.Debug|Any CPU.ActiveCfg = Debug|Any CPU
		{5F371CDF-ABE8-4152-93B1-0161DB179166}.Debug|Any CPU.Build.0 = Debug|Any CPU
		{5F371CDF-ABE8-4152-93B1-0161DB179166}.Release|Any CPU.ActiveCfg = Release|Any CPU
		{5F371CDF-ABE8-4152-93B1-0161DB179166}.Release|Any CPU.Build.0 = Release|Any CPU
	EndGlobalSection
	GlobalSection(SolutionProperties) = preSolution
		HideSolutionNode = FALSE
	EndGlobalSection
	GlobalSection(ExtensibilityGlobals) = postSolution
		SolutionGuid = {888534B7-7BF5-4FC2-971D-49FB7CC67265}
	EndGlobalSection
EndGlobal
